
Microsoft Visual Studio Solution File, Format Version 12.00
# Visual Studio 2013
VisualStudioVersion = 12.0.30723.0
MinimumVisualStudioVersion = 10.0.40219.1
Project("{9092AA53-FB77-4645-B42D-1CCCA6BD08BD}") = "TimeWaste_v4.0", "TimeWaste\TimeWaste_v4.0.njsproj", "{A9867D30-050B-4796-8859-17E3A8BA02E4}"
EndProject
Global
	GlobalSection(SolutionConfigurationPlatforms) = preSolution
		Debug|Any CPU = Debug|Any CPU
		Release|Any CPU = Release|Any CPU
	EndGlobalSection
	GlobalSection(ProjectConfigurationPlatforms) = postSolution
		{A9867D30-050B-4796-8859-17E3A8BA02E4}.Debug|Any CPU.ActiveCfg = Debug|Any CPU
		{A9867D30-050B-4796-8859-17E3A8BA02E4}.Debug|Any CPU.Build.0 = Debug|Any CPU
		{A9867D30-050B-4796-8859-17E3A8BA02E4}.Release|Any CPU.ActiveCfg = Release|Any CPU
		{A9867D30-050B-4796-8859-17E3A8BA02E4}.Release|Any CPU.Build.0 = Release|Any CPU
	EndGlobalSection
	GlobalSection(SolutionProperties) = preSolution
		HideSolutionNode = FALSE
	EndGlobalSection
EndGlobal
